// !$*UTF8*$!
{
	archiveVersion = 1;
	classes = {
	};
	objectVersion = 77;
	objects = {

/* Begin PBXBuildFile section */
		3DD854162E9E1F9C001A98C6 /* YumemiWeather in Frameworks */ = {isa = PBXBuildFile; productRef = 3DD854152E9E1F9C001A98C6 /* YumemiWeather */; };
		E5765DA82EB1B6DD0090F4FA /* Resolver in Frameworks */ = {isa = PBXBuildFile; productRef = E5765DA72EB1B6DD0090F4FA /* Resolver */; };
		E5765DAD2EB1BA490090F4FA /* Resolver in Frameworks */ = {isa = PBXBuildFile; productRef = E5765DAC2EB1BA490090F4FA /* Resolver */; };
		E5765DAF2EB1BA5B0090F4FA /* Resolver in Frameworks */ = {isa = PBXBuildFile; productRef = E5765DAE2EB1BA5B0090F4FA /* Resolver */; };
/* End PBXBuildFile section */

/* Begin PBXContainerItemProxy section */
		3DD853D92E9DFD68001A98C6 /* PBXContainerItemProxy */ = {
			isa = PBXContainerItemProxy;
			containerPortal = 3DD853C32E9DFD67001A98C6 /* Project object */;
			proxyType = 1;
			remoteGlobalIDString = 3DD853CA2E9DFD67001A98C6;
			remoteInfo = "ios-training-tai_yamada";
		};
		3DD853E32E9DFD68001A98C6 /* PBXContainerItemProxy */ = {
			isa = PBXContainerItemProxy;
			containerPortal = 3DD853C32E9DFD67001A98C6 /* Project object */;
			proxyType = 1;
			remoteGlobalIDString = 3DD853CA2E9DFD67001A98C6;
			remoteInfo = "ios-training-tai_yamada";
		};
/* End PBXContainerItemProxy section */

/* Begin PBXFileReference section */
		3DD853CB2E9DFD67001A98C6 /* ios-training-tai_yamada.app */ = {isa = PBXFileReference; explicitFileType = wrapper.application; includeInIndex = 0; path = "ios-training-tai_yamada.app"; sourceTree = BUILT_PRODUCTS_DIR; };
		3DD853D82E9DFD68001A98C6 /* ios-training-tai_yamadaTests.xctest */ = {isa = PBXFileReference; explicitFileType = wrapper.cfbundle; includeInIndex = 0; path = "ios-training-tai_yamadaTests.xctest"; sourceTree = BUILT_PRODUCTS_DIR; };
		3DD853E22E9DFD68001A98C6 /* ios-training-tai_yamadaUITests.xctest */ = {isa = PBXFileReference; explicitFileType = wrapper.cfbundle; includeInIndex = 0; path = "ios-training-tai_yamadaUITests.xctest"; sourceTree = BUILT_PRODUCTS_DIR; };
/* End PBXFileReference section */

/* Begin PBXFileSystemSynchronizedRootGroup section */
		3DD853CD2E9DFD67001A98C6 /* ios-training-tai_yamada */ = {
			isa = PBXFileSystemSynchronizedRootGroup;
			path = "ios-training-tai_yamada";
			sourceTree = "<group>";
		};
		3DD853DB2E9DFD68001A98C6 /* ios-training-tai_yamadaTests */ = {
			isa = PBXFileSystemSynchronizedRootGroup;
			path = "ios-training-tai_yamadaTests";
			sourceTree = "<group>";
		};
		3DD853E52E9DFD68001A98C6 /* ios-training-tai_yamadaUITests */ = {
			isa = PBXFileSystemSynchronizedRootGroup;
			path = "ios-training-tai_yamadaUITests";
			sourceTree = "<group>";
		};
/* End PBXFileSystemSynchronizedRootGroup section */

/* Begin PBXFrameworksBuildPhase section */
		3DD853C82E9DFD67001A98C6 /* Frameworks */ = {
			isa = PBXFrameworksBuildPhase;
			buildActionMask = 2147483647;
			files = (
				E5765DA82EB1B6DD0090F4FA /* Resolver in Frameworks */,
				3DD854162E9E1F9C001A98C6 /* YumemiWeather in Frameworks */,
			);
			runOnlyForDeploymentPostprocessing = 0;
		};
		3DD853D52E9DFD68001A98C6 /* Frameworks */ = {
			isa = PBXFrameworksBuildPhase;
			buildActionMask = 2147483647;
			files = (
				E5765DAD2EB1BA490090F4FA /* Resolver in Frameworks */,
			);
			runOnlyForDeploymentPostprocessing = 0;
		};
		3DD853DF2E9DFD68001A98C6 /* Frameworks */ = {
			isa = PBXFrameworksBuildPhase;
			buildActionMask = 2147483647;
			files = (
				E5765DAF2EB1BA5B0090F4FA /* Resolver in Frameworks */,
			);
			runOnlyForDeploymentPostprocessing = 0;
		};
/* End PBXFrameworksBuildPhase section */

/* Begin PBXGroup section */
		3DD853C22E9DFD67001A98C6 = {
			isa = PBXGroup;
			children = (
				3DD853CD2E9DFD67001A98C6 /* ios-training-tai_yamada */,
				3DD853DB2E9DFD68001A98C6 /* ios-training-tai_yamadaTests */,
				3DD853E52E9DFD68001A98C6 /* ios-training-tai_yamadaUITests */,
				3DD853CC2E9DFD67001A98C6 /* Products */,
			);
			sourceTree = "<group>";
		};
		3DD853CC2E9DFD67001A98C6 /* Products */ = {
			isa = PBXGroup;
			children = (
				3DD853CB2E9DFD67001A98C6 /* ios-training-tai_yamada.app */,
				3DD853D82E9DFD68001A98C6 /* ios-training-tai_yamadaTests.xctest */,
				3DD853E22E9DFD68001A98C6 /* ios-training-tai_yamadaUITests.xctest */,
			);
			name = Products;
			sourceTree = "<group>";
		};
/* End PBXGroup section */

/* Begin PBXNativeTarget section */
		3DD853CA2E9DFD67001A98C6 /* ios-training-tai_yamada */ = {
			isa = PBXNativeTarget;
			buildConfigurationList = 3DD853EC2E9DFD68001A98C6 /* Build configuration list for PBXNativeTarget "ios-training-tai_yamada" */;
			buildPhases = (
				3DD853C72E9DFD67001A98C6 /* Sources */,
				3DD853C82E9DFD67001A98C6 /* Frameworks */,
				3DD853C92E9DFD67001A98C6 /* Resources */,
			);
			buildRules = (
			);
			dependencies = (
			);
			fileSystemSynchronizedGroups = (
				3DD853CD2E9DFD67001A98C6 /* ios-training-tai_yamada */,
			);
			name = "ios-training-tai_yamada";
			packageProductDependencies = (
				3DD854152E9E1F9C001A98C6 /* YumemiWeather */,
				E5765DA72EB1B6DD0090F4FA /* Resolver */,
			);
			productName = "ios-training-tai_yamada";
			productReference = 3DD853CB2E9DFD67001A98C6 /* ios-training-tai_yamada.app */;
			productType = "com.apple.product-type.application";
		};
		3DD853D72E9DFD68001A98C6 /* ios-training-tai_yamadaTests */ = {
			isa = PBXNativeTarget;
			buildConfigurationList = 3DD853EF2E9DFD68001A98C6 /* Build configuration list for PBXNativeTarget "ios-training-tai_yamadaTests" */;
			buildPhases = (
				3DD853D42E9DFD68001A98C6 /* Sources */,
				3DD853D52E9DFD68001A98C6 /* Frameworks */,
				3DD853D62E9DFD68001A98C6 /* Resources */,
			);
			buildRules = (
			);
			dependencies = (
				3DD853DA2E9DFD68001A98C6 /* PBXTargetDependency */,
			);
			fileSystemSynchronizedGroups = (
				3DD853DB2E9DFD68001A98C6 /* ios-training-tai_yamadaTests */,
			);
			name = "ios-training-tai_yamadaTests";
			packageProductDependencies = (
				E5765DAC2EB1BA490090F4FA /* Resolver */,
			);
			productName = "ios-training-tai_yamadaTests";
			productReference = 3DD853D82E9DFD68001A98C6 /* ios-training-tai_yamadaTests.xctest */;
			productType = "com.apple.product-type.bundle.unit-test";
		};
		3DD853E12E9DFD68001A98C6 /* ios-training-tai_yamadaUITests */ = {
			isa = PBXNativeTarget;
			buildConfigurationList = 3DD853F22E9DFD68001A98C6 /* Build configuration list for PBXNativeTarget "ios-training-tai_yamadaUITests" */;
			buildPhases = (
				3DD853DE2E9DFD68001A98C6 /* Sources */,
				3DD853DF2E9DFD68001A98C6 /* Frameworks */,
				3DD853E02E9DFD68001A98C6 /* Resources */,
			);
			buildRules = (
			);
			dependencies = (
				3DD853E42E9DFD68001A98C6 /* PBXTargetDependency */,
			);
			fileSystemSynchronizedGroups = (
				3DD853E52E9DFD68001A98C6 /* ios-training-tai_yamadaUITests */,
			);
			name = "ios-training-tai_yamadaUITests";
			packageProductDependencies = (
				E5765DAE2EB1BA5B0090F4FA /* Resolver */,
			);
			productName = "ios-training-tai_yamadaUITests";
			productReference = 3DD853E22E9DFD68001A98C6 /* ios-training-tai_yamadaUITests.xctest */;
			productType = "com.apple.product-type.bundle.ui-testing";
		};
/* End PBXNativeTarget section */

/* Begin PBXProject section */
		3DD853C32E9DFD67001A98C6 /* Project object */ = {
			isa = PBXProject;
			attributes = {
				BuildIndependentTargetsInParallel = 1;
				LastSwiftUpdateCheck = 2600;
				LastUpgradeCheck = 2600;
				TargetAttributes = {
					3DD853CA2E9DFD67001A98C6 = {
						CreatedOnToolsVersion = 26.0.1;
					};
					3DD853D72E9DFD68001A98C6 = {
						CreatedOnToolsVersion = 26.0.1;
						TestTargetID = 3DD853CA2E9DFD67001A98C6;
					};
					3DD853E12E9DFD68001A98C6 = {
						CreatedOnToolsVersion = 26.0.1;
						TestTargetID = 3DD853CA2E9DFD67001A98C6;
					};
				};
			};
			buildConfigurationList = 3DD853C62E9DFD67001A98C6 /* Build configuration list for PBXProject "ios-training-tai_yamada" */;
			developmentRegion = en;
			hasScannedForEncodings = 0;
			knownRegions = (
				en,
				Base,
			);
			mainGroup = 3DD853C22E9DFD67001A98C6;
			minimizedProjectReferenceProxies = 1;
			packageReferences = (
				3DD854102E9E1A72001A98C6 /* XCRemoteSwiftPackageReference "ios-training" */,
				E5765DA62EB1B68C0090F4FA /* XCRemoteSwiftPackageReference "Resolver" */,
			);
			preferredProjectObjectVersion = 77;
			productRefGroup = 3DD853CC2E9DFD67001A98C6 /* Products */;
			projectDirPath = "";
			projectRoot = "";
			targets = (
				3DD853CA2E9DFD67001A98C6 /* ios-training-tai_yamada */,
				3DD853D72E9DFD68001A98C6 /* ios-training-tai_yamadaTests */,
				3DD853E12E9DFD68001A98C6 /* ios-training-tai_yamadaUITests */,
			);
		};
/* End PBXProject section */

/* Begin PBXResourcesBuildPhase section */
		3DD853C92E9DFD67001A98C6 /* Resources */ = {
			isa = PBXResourcesBuildPhase;
			buildActionMask = 2147483647;
			files = (
			);
			runOnlyForDeploymentPostprocessing = 0;
		};
		3DD853D62E9DFD68001A98C6 /* Resources */ = {
			isa = PBXResourcesBuildPhase;
			buildActionMask = 2147483647;
			files = (
			);
			runOnlyForDeploymentPostprocessing = 0;
		};
		3DD853E02E9DFD68001A98C6 /* Resources */ = {
			isa = PBXResourcesBuildPhase;
			buildActionMask = 2147483647;
			files = (
			);
			runOnlyForDeploymentPostprocessing = 0;
		};
/* End PBXResourcesBuildPhase section */

/* Begin PBXSourcesBuildPhase section */
		3DD853C72E9DFD67001A98C6 /* Sources */ = {
			isa = PBXSourcesBuildPhase;
			buildActionMask = 2147483647;
			files = (
			);
			runOnlyForDeploymentPostprocessing = 0;
		};
		3DD853D42E9DFD68001A98C6 /* Sources */ = {
			isa = PBXSourcesBuildPhase;
			buildActionMask = 2147483647;
			files = (
			);
			runOnlyForDeploymentPostprocessing = 0;
		};
		3DD853DE2E9DFD68001A98C6 /* Sources */ = {
			isa = PBXSourcesBuildPhase;
			buildActionMask = 2147483647;
			files = (
			);
			runOnlyForDeploymentPostprocessing = 0;
		};
/* End PBXSourcesBuildPhase section */

/* Begin PBXTargetDependency section */
		3DD853DA2E9DFD68001A98C6 /* PBXTargetDependency */ = {
			isa = PBXTargetDependency;
			target = 3DD853CA2E9DFD67001A98C6 /* ios-training-tai_yamada */;
			targetProxy = 3DD853D92E9DFD68001A98C6 /* PBXContainerItemProxy */;
		};
		3DD853E42E9DFD68001A98C6 /* PBXTargetDependency */ = {
			isa = PBXTargetDependency;
			target = 3DD853CA2E9DFD67001A98C6 /* ios-training-tai_yamada */;
			targetProxy = 3DD853E32E9DFD68001A98C6 /* PBXContainerItemProxy */;
		};
/* End PBXTargetDependency section */

/* Begin XCBuildConfiguration section */
		3DD853EA2E9DFD68001A98C6 /* Debug */ = {
			isa = XCBuildConfiguration;
			buildSettings = {
				ALWAYS_SEARCH_USER_PATHS = NO;
				ASSETCATALOG_COMPILER_GENERATE_SWIFT_ASSET_SYMBOL_EXTENSIONS = YES;
				CLANG_ANALYZER_NONNULL = YES;
				CLANG_ANALYZER_NUMBER_OBJECT_CONVERSION = YES_AGGRESSIVE;
				CLANG_CXX_LANGUAGE_STANDARD = "gnu++20";
				CLANG_ENABLE_MODULES = YES;
				CLANG_ENABLE_OBJC_ARC = YES;
				CLANG_ENABLE_OBJC_WEAK = YES;
				CLANG_WARN_BLOCK_CAPTURE_AUTORELEASING = YES;
				CLANG_WARN_BOOL_CONVERSION = YES;
				CLANG_WARN_COMMA = YES;
				CLANG_WARN_CONSTANT_CONVERSION = YES;
				CLANG_WARN_DEPRECATED_OBJC_IMPLEMENTATIONS = YES;
				CLANG_WARN_DIRECT_OBJC_ISA_USAGE = YES_ERROR;
				CLANG_WARN_DOCUMENTATION_COMMENTS = YES;
				CLANG_WARN_EMPTY_BODY = YES;
				CLANG_WARN_ENUM_CONVERSION = YES;
				CLANG_WARN_INFINITE_RECURSION = YES;
				CLANG_WARN_INT_CONVERSION = YES;
				CLANG_WARN_NON_LITERAL_NULL_CONVERSION = YES;
				CLANG_WARN_OBJC_IMPLICIT_RETAIN_SELF = YES;
				CLANG_WARN_OBJC_LITERAL_CONVERSION = YES;
				CLANG_WARN_OBJC_ROOT_CLASS = YES_ERROR;
				CLANG_WARN_QUOTED_INCLUDE_IN_FRAMEWORK_HEADER = YES;
				CLANG_WARN_RANGE_LOOP_ANALYSIS = YES;
				CLANG_WARN_STRICT_PROTOTYPES = YES;
				CLANG_WARN_SUSPICIOUS_MOVE = YES;
				CLANG_WARN_UNGUARDED_AVAILABILITY = YES_AGGRESSIVE;
				CLANG_WARN_UNREACHABLE_CODE = YES;
				CLANG_WARN__DUPLICATE_METHOD_MATCH = YES;
				COPY_PHASE_STRIP = NO;
				DEBUG_INFORMATION_FORMAT = dwarf;
				DEVELOPMENT_TEAM = HJC5DQ3PVM;
				ENABLE_STRICT_OBJC_MSGSEND = YES;
				ENABLE_TESTABILITY = YES;
				ENABLE_USER_SCRIPT_SANDBOXING = YES;
				GCC_C_LANGUAGE_STANDARD = gnu17;
				GCC_DYNAMIC_NO_PIC = NO;
				GCC_NO_COMMON_BLOCKS = YES;
				GCC_OPTIMIZATION_LEVEL = 0;
				GCC_PREPROCESSOR_DEFINITIONS = (
					"DEBUG=1",
					"$(inherited)",
				);
				GCC_WARN_64_TO_32_BIT_CONVERSION = YES;
				GCC_WARN_ABOUT_RETURN_TYPE = YES_ERROR;
				GCC_WARN_UNDECLARED_SELECTOR = YES;
				GCC_WARN_UNINITIALIZED_AUTOS = YES_AGGRESSIVE;
				GCC_WARN_UNUSED_FUNCTION = YES;
				GCC_WARN_UNUSED_VARIABLE = YES;
				LOCALIZATION_PREFERS_STRING_CATALOGS = YES;
				MTL_ENABLE_DEBUG_INFO = INCLUDE_SOURCE;
				MTL_FAST_MATH = YES;
				ONLY_ACTIVE_ARCH = YES;
				SWIFT_ACTIVE_COMPILATION_CONDITIONS = "DEBUG $(inherited)";
				SWIFT_OPTIMIZATION_LEVEL = "-Onone";
			};
			name = Debug;
		};
		3DD853EB2E9DFD68001A98C6 /* Release */ = {
			isa = XCBuildConfiguration;
			buildSettings = {
				ALWAYS_SEARCH_USER_PATHS = NO;
				ASSETCATALOG_COMPILER_GENERATE_SWIFT_ASSET_SYMBOL_EXTENSIONS = YES;
				CLANG_ANALYZER_NONNULL = YES;
				CLANG_ANALYZER_NUMBER_OBJECT_CONVERSION = YES_AGGRESSIVE;
				CLANG_CXX_LANGUAGE_STANDARD = "gnu++20";
				CLANG_ENABLE_MODULES = YES;
				CLANG_ENABLE_OBJC_ARC = YES;
				CLANG_ENABLE_OBJC_WEAK = YES;
				CLANG_WARN_BLOCK_CAPTURE_AUTORELEASING = YES;
				CLANG_WARN_BOOL_CONVERSION = YES;
				CLANG_WARN_COMMA = YES;
				CLANG_WARN_CONSTANT_CONVERSION = YES;
				CLANG_WARN_DEPRECATED_OBJC_IMPLEMENTATIONS = YES;
				CLANG_WARN_DIRECT_OBJC_ISA_USAGE = YES_ERROR;
				CLANG_WARN_DOCUMENTATION_COMMENTS = YES;
				CLANG_WARN_EMPTY_BODY = YES;
				CLANG_WARN_ENUM_CONVERSION = YES;
				CLANG_WARN_INFINITE_RECURSION = YES;
				CLANG_WARN_INT_CONVERSION = YES;
				CLANG_WARN_NON_LITERAL_NULL_CONVERSION = YES;
				CLANG_WARN_OBJC_IMPLICIT_RETAIN_SELF = YES;
				CLANG_WARN_OBJC_LITERAL_CONVERSION = YES;
				CLANG_WARN_OBJC_ROOT_CLASS = YES_ERROR;
				CLANG_WARN_QUOTED_INCLUDE_IN_FRAMEWORK_HEADER = YES;
				CLANG_WARN_RANGE_LOOP_ANALYSIS = YES;
				CLANG_WARN_STRICT_PROTOTYPES = YES;
				CLANG_WARN_SUSPICIOUS_MOVE = YES;
				CLANG_WARN_UNGUARDED_AVAILABILITY = YES_AGGRESSIVE;
				CLANG_WARN_UNREACHABLE_CODE = YES;
				CLANG_WARN__DUPLICATE_METHOD_MATCH = YES;
				COPY_PHASE_STRIP = NO;
				DEBUG_INFORMATION_FORMAT = "dwarf-with-dsym";
				DEVELOPMENT_TEAM = HJC5DQ3PVM;
				ENABLE_NS_ASSERTIONS = NO;
				ENABLE_STRICT_OBJC_MSGSEND = YES;
				ENABLE_USER_SCRIPT_SANDBOXING = YES;
				GCC_C_LANGUAGE_STANDARD = gnu17;
				GCC_NO_COMMON_BLOCKS = YES;
				GCC_WARN_64_TO_32_BIT_CONVERSION = YES;
				GCC_WARN_ABOUT_RETURN_TYPE = YES_ERROR;
				GCC_WARN_UNDECLARED_SELECTOR = YES;
				GCC_WARN_UNINITIALIZED_AUTOS = YES_AGGRESSIVE;
				GCC_WARN_UNUSED_FUNCTION = YES;
				GCC_WARN_UNUSED_VARIABLE = YES;
				LOCALIZATION_PREFERS_STRING_CATALOGS = YES;
				MTL_ENABLE_DEBUG_INFO = NO;
				MTL_FAST_MATH = YES;
				SWIFT_COMPILATION_MODE = wholemodule;
			};
			name = Release;
		};
		3DD853ED2E9DFD68001A98C6 /* Debug */ = {
			isa = XCBuildConfiguration;
			buildSettings = {
				ASSETCATALOG_COMPILER_APPICON_NAME = AppIcon;
				ASSETCATALOG_COMPILER_GLOBAL_ACCENT_COLOR_NAME = AccentColor;
				CODE_SIGN_STYLE = Automatic;
				CURRENT_PROJECT_VERSION = 1;
				DEVELOPMENT_TEAM = HJC5DQ3PVM;
				ENABLE_APP_SANDBOX = YES;
				ENABLE_HARDENED_RUNTIME = YES;
				ENABLE_PREVIEWS = YES;
				ENABLE_USER_SELECTED_FILES = readonly;
				GENERATE_INFOPLIST_FILE = YES;
				"INFOPLIST_KEY_UIApplicationSceneManifest_Generation[sdk=iphoneos*]" = YES;
				"INFOPLIST_KEY_UIApplicationSceneManifest_Generation[sdk=iphonesimulator*]" = YES;
				"INFOPLIST_KEY_UIApplicationSupportsIndirectInputEvents[sdk=iphoneos*]" = YES;
				"INFOPLIST_KEY_UIApplicationSupportsIndirectInputEvents[sdk=iphonesimulator*]" = YES;
				"INFOPLIST_KEY_UILaunchScreen_Generation[sdk=iphoneos*]" = YES;
				"INFOPLIST_KEY_UILaunchScreen_Generation[sdk=iphonesimulator*]" = YES;
				"INFOPLIST_KEY_UIStatusBarStyle[sdk=iphoneos*]" = UIStatusBarStyleDefault;
				"INFOPLIST_KEY_UIStatusBarStyle[sdk=iphonesimulator*]" = UIStatusBarStyleDefault;
				INFOPLIST_KEY_UISupportedInterfaceOrientations = UIInterfaceOrientationPortrait;
				IPHONEOS_DEPLOYMENT_TARGET = 26.0;
				LD_RUNPATH_SEARCH_PATHS = "@executable_path/Frameworks";
				"LD_RUNPATH_SEARCH_PATHS[sdk=macosx*]" = "@executable_path/../Frameworks";
				MACOSX_DEPLOYMENT_TARGET = 15.6;
				MARKETING_VERSION = 1.0;
				PRODUCT_BUNDLE_IDENTIFIER = "ios-training-tai-yamada.ios-training-tai-yamada";
				PRODUCT_NAME = "$(TARGET_NAME)";
				REGISTER_APP_GROUPS = YES;
				SDKROOT = auto;
				STRING_CATALOG_GENERATE_SYMBOLS = YES;
				SUPPORTED_PLATFORMS = "iphoneos iphonesimulator";
				SUPPORTS_MACCATALYST = NO;
				SWIFT_APPROACHABLE_CONCURRENCY = YES;
				SWIFT_DEFAULT_ACTOR_ISOLATION = MainActor;
				SWIFT_EMIT_LOC_STRINGS = YES;
				SWIFT_UPCOMING_FEATURE_MEMBER_IMPORT_VISIBILITY = YES;
				SWIFT_VERSION = 5.0;
				TARGETED_DEVICE_FAMILY = "1,2";
				XROS_DEPLOYMENT_TARGET = 26.0;
			};
			name = Debug;
		};
		3DD853EE2E9DFD68001A98C6 /* Release */ = {
			isa = XCBuildConfiguration;
			buildSettings = {
				ASSETCATALOG_COMPILER_APPICON_NAME = AppIcon;
				ASSETCATALOG_COMPILER_GLOBAL_ACCENT_COLOR_NAME = AccentColor;
				CODE_SIGN_STYLE = Automatic;
				CURRENT_PROJECT_VERSION = 1;
				DEVELOPMENT_TEAM = HJC5DQ3PVM;
				ENABLE_APP_SANDBOX = YES;
				ENABLE_HARDENED_RUNTIME = YES;
				ENABLE_PREVIEWS = YES;
				ENABLE_USER_SELECTED_FILES = readonly;
				GENERATE_INFOPLIST_FILE = YES;
				"INFOPLIST_KEY_UIApplicationSceneManifest_Generation[sdk=iphoneos*]" = YES;
				"INFOPLIST_KEY_UIApplicationSceneManifest_Generation[sdk=iphonesimulator*]" = YES;
				"INFOPLIST_KEY_UIApplicationSupportsIndirectInputEvents[sdk=iphoneos*]" = YES;
				"INFOPLIST_KEY_UIApplicationSupportsIndirectInputEvents[sdk=iphonesimulator*]" = YES;
				"INFOPLIST_KEY_UILaunchScreen_Generation[sdk=iphoneos*]" = YES;
				"INFOPLIST_KEY_UILaunchScreen_Generation[sdk=iphonesimulator*]" = YES;
				"INFOPLIST_KEY_UIStatusBarStyle[sdk=iphoneos*]" = UIStatusBarStyleDefault;
				"INFOPLIST_KEY_UIStatusBarStyle[sdk=iphonesimulator*]" = UIStatusBarStyleDefault;
				INFOPLIST_KEY_UISupportedInterfaceOrientations = UIInterfaceOrientationPortrait;
				IPHONEOS_DEPLOYMENT_TARGET = 26.0;
				LD_RUNPATH_SEARCH_PATHS = "@executable_path/Frameworks";
				"LD_RUNPATH_SEARCH_PATHS[sdk=macosx*]" = "@executable_path/../Frameworks";
				MACOSX_DEPLOYMENT_TARGET = 15.6;
				MARKETING_VERSION = 1.0;
				PRODUCT_BUNDLE_IDENTIFIER = "ios-training-tai-yamada.ios-training-tai-yamada";
				PRODUCT_NAME = "$(TARGET_NAME)";
				REGISTER_APP_GROUPS = YES;
				SDKROOT = auto;
				STRING_CATALOG_GENERATE_SYMBOLS = YES;
				SUPPORTED_PLATFORMS = "iphoneos iphonesimulator";
				SUPPORTS_MACCATALYST = NO;
				SWIFT_APPROACHABLE_CONCURRENCY = YES;
				SWIFT_DEFAULT_ACTOR_ISOLATION = MainActor;
				SWIFT_EMIT_LOC_STRINGS = YES;
				SWIFT_UPCOMING_FEATURE_MEMBER_IMPORT_VISIBILITY = YES;
				SWIFT_VERSION = 5.0;
				TARGETED_DEVICE_FAMILY = "1,2";
				XROS_DEPLOYMENT_TARGET = 26.0;
			};
			name = Release;
		};
		3DD853F02E9DFD68001A98C6 /* Debug */ = {
			isa = XCBuildConfiguration;
			buildSettings = {
				BUNDLE_LOADER = "$(TEST_HOST)";
				CODE_SIGN_STYLE = Automatic;
				CURRENT_PROJECT_VERSION = 1;
				DEVELOPMENT_TEAM = HJC5DQ3PVM;
				GENERATE_INFOPLIST_FILE = YES;
				IPHONEOS_DEPLOYMENT_TARGET = 26.0;
				MACOSX_DEPLOYMENT_TARGET = 15.6;
				MARKETING_VERSION = 1.0;
				PRODUCT_BUNDLE_IDENTIFIER = "ios-training-tai-yamada.ios-training-tai-yamadaTests";
				PRODUCT_NAME = "$(TARGET_NAME)";
				SDKROOT = auto;
				STRING_CATALOG_GENERATE_SYMBOLS = NO;
				SUPPORTED_PLATFORMS = "iphoneos iphonesimulator macosx xros xrsimulator";
				SWIFT_APPROACHABLE_CONCURRENCY = YES;
				SWIFT_EMIT_LOC_STRINGS = NO;
				SWIFT_UPCOMING_FEATURE_MEMBER_IMPORT_VISIBILITY = YES;
				SWIFT_VERSION = 5.0;
				TARGETED_DEVICE_FAMILY = "1,2,7";
				TEST_HOST = "$(BUILT_PRODUCTS_DIR)/ios-training-tai_yamada.app/$(BUNDLE_EXECUTABLE_FOLDER_PATH)/ios-training-tai_yamada";
				XROS_DEPLOYMENT_TARGET = 26.0;
			};
			name = Debug;
		};
		3DD853F12E9DFD68001A98C6 /* Release */ = {
			isa = XCBuildConfiguration;
			buildSettings = {
				BUNDLE_LOADER = "$(TEST_HOST)";
				CODE_SIGN_STYLE = Automatic;
				CURRENT_PROJECT_VERSION = 1;
				DEVELOPMENT_TEAM = HJC5DQ3PVM;
				GENERATE_INFOPLIST_FILE = YES;
				IPHONEOS_DEPLOYMENT_TARGET = 26.0;
				MACOSX_DEPLOYMENT_TARGET = 15.6;
				MARKETING_VERSION = 1.0;
				PRODUCT_BUNDLE_IDENTIFIER = "ios-training-tai-yamada.ios-training-tai-yamadaTests";
				PRODUCT_NAME = "$(TARGET_NAME)";
				SDKROOT = auto;
				STRING_CATALOG_GENERATE_SYMBOLS = NO;
				SUPPORTED_PLATFORMS = "iphoneos iphonesimulator macosx xros xrsimulator";
				SWIFT_APPROACHABLE_CONCURRENCY = YES;
				SWIFT_EMIT_LOC_STRINGS = NO;
				SWIFT_UPCOMING_FEATURE_MEMBER_IMPORT_VISIBILITY = YES;
				SWIFT_VERSION = 5.0;
				TARGETED_DEVICE_FAMILY = "1,2,7";
				TEST_HOST = "$(BUILT_PRODUCTS_DIR)/ios-training-tai_yamada.app/$(BUNDLE_EXECUTABLE_FOLDER_PATH)/ios-training-tai_yamada";
				XROS_DEPLOYMENT_TARGET = 26.0;
			};
			name = Release;
		};
		3DD853F32E9DFD68001A98C6 /* Debug */ = {
			isa = XCBuildConfiguration;
			buildSettings = {
				CODE_SIGN_STYLE = Automatic;
				CURRENT_PROJECT_VERSION = 1;
				DEVELOPMENT_TEAM = HJC5DQ3PVM;
				GENERATE_INFOPLIST_FILE = YES;
				IPHONEOS_DEPLOYMENT_TARGET = 26.0;
				MACOSX_DEPLOYMENT_TARGET = 15.6;
				MARKETING_VERSION = 1.0;
				PRODUCT_BUNDLE_IDENTIFIER = "ios-training-tai-yamada.ios-training-tai-yamadaUITests";
				PRODUCT_NAME = "$(TARGET_NAME)";
				SDKROOT = auto;
				STRING_CATALOG_GENERATE_SYMBOLS = NO;
				SUPPORTED_PLATFORMS = "iphoneos iphonesimulator macosx xros xrsimulator";
				SWIFT_APPROACHABLE_CONCURRENCY = YES;
				SWIFT_EMIT_LOC_STRINGS = NO;
				SWIFT_UPCOMING_FEATURE_MEMBER_IMPORT_VISIBILITY = YES;
				SWIFT_VERSION = 5.0;
				TARGETED_DEVICE_FAMILY = "1,2,7";
				TEST_TARGET_NAME = "ios-training-tai_yamada";
				XROS_DEPLOYMENT_TARGET = 26.0;
			};
			name = Debug;
		};
		3DD853F42E9DFD68001A98C6 /* Release */ = {
			isa = XCBuildConfiguration;
			buildSettings = {
				CODE_SIGN_STYLE = Automatic;
				CURRENT_PROJECT_VERSION = 1;
				DEVELOPMENT_TEAM = HJC5DQ3PVM;
				GENERATE_INFOPLIST_FILE = YES;
				IPHONEOS_DEPLOYMENT_TARGET = 26.0;
				MACOSX_DEPLOYMENT_TARGET = 15.6;
				MARKETING_VERSION = 1.0;
				PRODUCT_BUNDLE_IDENTIFIER = "ios-training-tai-yamada.ios-training-tai-yamadaUITests";
				PRODUCT_NAME = "$(TARGET_NAME)";
				SDKROOT = auto;
				STRING_CATALOG_GENERATE_SYMBOLS = NO;
				SUPPORTED_PLATFORMS = "iphoneos iphonesimulator macosx xros xrsimulator";
				SWIFT_APPROACHABLE_CONCURRENCY = YES;
				SWIFT_EMIT_LOC_STRINGS = NO;
				SWIFT_UPCOMING_FEATURE_MEMBER_IMPORT_VISIBILITY = YES;
				SWIFT_VERSION = 5.0;
				TARGETED_DEVICE_FAMILY = "1,2,7";
				TEST_TARGET_NAME = "ios-training-tai_yamada";
				XROS_DEPLOYMENT_TARGET = 26.0;
			};
			name = Release;
		};
/* End XCBuildConfiguration section */

/* Begin XCConfigurationList section */
		3DD853C62E9DFD67001A98C6 /* Build configuration list for PBXProject "ios-training-tai_yamada" */ = {
			isa = XCConfigurationList;
			buildConfigurations = (
				3DD853EA2E9DFD68001A98C6 /* Debug */,
				3DD853EB2E9DFD68001A98C6 /* Release */,
			);
			defaultConfigurationIsVisible = 0;
			defaultConfigurationName = Release;
		};
		3DD853EC2E9DFD68001A98C6 /* Build configuration list for PBXNativeTarget "ios-training-tai_yamada" */ = {
			isa = XCConfigurationList;
			buildConfigurations = (
				3DD853ED2E9DFD68001A98C6 /* Debug */,
				3DD853EE2E9DFD68001A98C6 /* Release */,
			);
			defaultConfigurationIsVisible = 0;
			defaultConfigurationName = Release;
		};
		3DD853EF2E9DFD68001A98C6 /* Build configuration list for PBXNativeTarget "ios-training-tai_yamadaTests" */ = {
			isa = XCConfigurationList;
			buildConfigurations = (
				3DD853F02E9DFD68001A98C6 /* Debug */,
				3DD853F12E9DFD68001A98C6 /* Release */,
			);
			defaultConfigurationIsVisible = 0;
			defaultConfigurationName = Release;
		};
		3DD853F22E9DFD68001A98C6 /* Build configuration list for PBXNativeTarget "ios-training-tai_yamadaUITests" */ = {
			isa = XCConfigurationList;
			buildConfigurations = (
				3DD853F32E9DFD68001A98C6 /* Debug */,
				3DD853F42E9DFD68001A98C6 /* Release */,
			);
			defaultConfigurationIsVisible = 0;
			defaultConfigurationName = Release;
		};
/* End XCConfigurationList section */

/* Begin XCRemoteSwiftPackageReference section */
		3DD854102E9E1A72001A98C6 /* XCRemoteSwiftPackageReference "ios-training" */ = {
			isa = XCRemoteSwiftPackageReference;
			repositoryURL = "https://github.com/yumemi-inc/ios-training.git";
			requirement = {
				branch = main;
				kind = branch;
			};
		};
		E5765DA62EB1B68C0090F4FA /* XCRemoteSwiftPackageReference "Resolver" */ = {
			isa = XCRemoteSwiftPackageReference;
			repositoryURL = "https://github.com/hmlongco/Resolver";
			requirement = {
				kind = upToNextMajorVersion;
				minimumVersion = 1.5.1;
			};
		};
/* End XCRemoteSwiftPackageReference section */

/* Begin XCSwiftPackageProductDependency section */
		3DD854152E9E1F9C001A98C6 /* YumemiWeather */ = {
			isa = XCSwiftPackageProductDependency;
			package = 3DD854102E9E1A72001A98C6 /* XCRemoteSwiftPackageReference "ios-training" */;
			productName = YumemiWeather;
		};
		E5765DA72EB1B6DD0090F4FA /* Resolver */ = {
			isa = XCSwiftPackageProductDependency;
			package = E5765DA62EB1B68C0090F4FA /* XCRemoteSwiftPackageReference "Resolver" */;
			productName = Resolver;
		};
		E5765DAC2EB1BA490090F4FA /* Resolver */ = {
			isa = XCSwiftPackageProductDependency;
			package = E5765DA62EB1B68C0090F4FA /* XCRemoteSwiftPackageReference "Resolver" */;
			productName = Resolver;
		};
		E5765DAE2EB1BA5B0090F4FA /* Resolver */ = {
			isa = XCSwiftPackageProductDependency;
			package = E5765DA62EB1B68C0090F4FA /* XCRemoteSwiftPackageReference "Resolver" */;
			productName = Resolver;
		};
/* End XCSwiftPackageProductDependency section */
	};
	rootObject = 3DD853C32E9DFD67001A98C6 /* Project object */;
}
